
Microsoft Visual Studio Solution File, Format Version 12.00
# Visual Studio Version 17
VisualStudioVersion = 17.6.33829.357
MinimumVisualStudioVersion = 10.0.40219.1
Project("{FAE04EC0-301F-11D3-BF4B-00C04F79EFBC}") = "LibeyTechnicalTestAPI", "LibeyTechnicalTestAPI\LibeyTechnicalTestAPI.csproj", "{EC46A024-F601-40BF-9E74-EF848DAE139A}"
EndProject
Project("{FAE04EC0-301F-11D3-BF4B-00C04F79EFBC}") = "LibeyTechnicalTestDomain", "LibeyTechnicalTestDomain\LibeyTechnicalTestDomain.csproj", "{39443A03-57B1-461E-BB4E-148315C70305}"
EndProject
Project("{FAE04EC0-301F-11D3-BF4B-00C04F79EFBC}") = "LibeyTechnicalTestTest", "LibeyTechnicalTestTest\LibeyTechnicalTestTest.csproj", "{B3729369-6DE6-4E92-870C-100EE065CAC2}"
EndProject
Global
	GlobalSection(SolutionConfigurationPlatforms) = preSolution
		Debug|Any CPU = Debug|Any CPU
		Release|Any CPU = Release|Any CPU
	EndGlobalSection
	GlobalSection(ProjectConfigurationPlatforms) = postSolution
		{EC46A024-F601-40BF-9E74-EF848DAE139A}.Debug|Any CPU.ActiveCfg = Debug|Any CPU
		{EC46A024-F601-40BF-9E74-EF848DAE139A}.Debug|Any CPU.Build.0 = Debug|Any CPU
		{EC46A024-F601-40BF-9E74-EF848DAE139A}.Release|Any CPU.ActiveCfg = Release|Any CPU
		{EC46A024-F601-40BF-9E74-EF848DAE139A}.Release|Any CPU.Build.0 = Release|Any CPU
		{39443A03-57B1-461E-BB4E-148315C70305}.Debug|Any CPU.ActiveCfg = Debug|Any CPU
		{39443A03-57B1-461E-BB4E-148315C70305}.Debug|Any CPU.Build.0 = Debug|Any CPU
		{39443A03-57B1-461E-BB4E-148315C70305}.Release|Any CPU.ActiveCfg = Release|Any CPU
		{39443A03-57B1-461E-BB4E-148315C70305}.Release|Any CPU.Build.0 = Release|Any CPU
		{B3729369-6DE6-4E92-870C-100EE065CAC2}.Debug|Any CPU.ActiveCfg = Debug|Any CPU
		{B3729369-6DE6-4E92-870C-100EE065CAC2}.Debug|Any CPU.Build.0 = Debug|Any CPU
		{B3729369-6DE6-4E92-870C-100EE065CAC2}.Release|Any CPU.ActiveCfg = Release|Any CPU
		{B3729369-6DE6-4E92-870C-100EE065CAC2}.Release|Any CPU.Build.0 = Release|Any CPU
	EndGlobalSection
	GlobalSection(SolutionProperties) = preSolution
		HideSolutionNode = FALSE
	EndGlobalSection
	GlobalSection(ExtensibilityGlobals) = postSolution
		SolutionGuid = {6557AAFB-772F-4C3D-95F2-8442E2D9F2C9}
	EndGlobalSection
EndGlobal
